
Microsoft Visual Studio Solution File, Format Version 12.00
# Visual Studio Version 16
VisualStudioVersion = 16.0.29123.88
MinimumVisualStudioVersion = 10.0.40219.1
Project("{8BC9CEB8-8B4A-11D0-8D11-00A0C91BC942}") = "Lab2", "Lab2.vcxproj", "{08C2DC1A-818A-4286-B652-0ED3B958E5CF}"
EndProject
Global
	GlobalSection(SolutionConfigurationPlatforms) = preSolution
		Debug|x64 = Debug|x64
		Debug|x86 = Debug|x86
		Release|x64 = Release|x64
		Release|x86 = Release|x86
	EndGlobalSection
	GlobalSection(ProjectConfigurationPlatforms) = postSolution
		{08C2DC1A-818A-4286-B652-0ED3B958E5CF}.Debug|x64.ActiveCfg = Debug|x64
		{08C2DC1A-818A-4286-B652-0ED3B958E5CF}.Debug|x64.Build.0 = Debug|x64
		{08C2DC1A-818A-4286-B652-0ED3B958E5CF}.Debug|x86.ActiveCfg = Debug|Win32
		{08C2DC1A-818A-4286-B652-0ED3B958E5CF}.Debug|x86.Build.0 = Debug|Win32
		{08C2DC1A-818A-4286-B652-0ED3B958E5CF}.Release|x64.ActiveCfg = Release|x64
		{08C2DC1A-818A-4286-B652-0ED3B958E5CF}.Release|x64.Build.0 = Release|x64
		{08C2DC1A-818A-4286-B652-0ED3B958E5CF}.Release|x86.ActiveCfg = Release|Win32
		{08C2DC1A-818A-4286-B652-0ED3B958E5CF}.Release|x86.Build.0 = Release|Win32
	EndGlobalSection
	GlobalSection(SolutionProperties) = preSolution
		HideSolutionNode = FALSE
	EndGlobalSection
	GlobalSection(ExtensibilityGlobals) = postSolution
		SolutionGuid = {1DD4112D-FC48-4D20-AEDF-D97E115576FC}
	EndGlobalSection
EndGlobal
